<?xml version="1.0" encoding="utf-8"?>
<Project ToolsVersion="4.0" xmlns="http://schemas.microsoft.com/developer/msbuild/2003">
  <ItemGroup>
    <Filter Include="src">
      <UniqueIdentifier>{11111111-1111-1111-1111-111111111111}</UniqueIdentifier>
    </Filter>
    <Filter Include="Dumper">
      <UniqueIdentifier>{22222222-2222-2222-2222-222222222222}</UniqueIdentifier>
    </Filter>
    <Filter Include="RustClasses">
      <UniqueIdentifier>{33333333-3333-3333-3333-333333333333}</UniqueIdentifier>
    </Filter>
    <Filter Include="Unity">
      <UniqueIdentifier>{44444444-4444-4444-4444-444444444444}</UniqueIdentifier>
    </Filter>
    <Filter Include="Libs">
      <UniqueIdentifier>{55555555-5555-5555-5555-555555555555}</UniqueIdentifier>
    </Filter>
    <Filter Include="Utils">
      <UniqueIdentifier>{66666666-6666-6666-6666-666666666666}</UniqueIdentifier>
    </Filter>
    <Filter Include="hde">
      <UniqueIdentifier>{694bff41-6a61-4c44-b7b9-04f635fd2c0a}</UniqueIdentifier>
    </Filter>
    <Filter Include="minhook">
      <UniqueIdentifier>{77f28f49-aa40-4820-b1ff-0e8068edae8f}</UniqueIdentifier>
    </Filter>
    <Filter Include="minhook\hde">
      <UniqueIdentifier>{ae833bb6-4883-4aaa-8cd8-a2a144354707}</UniqueIdentifier>
    </Filter>
    <Filter Include="il2cpp">
      <UniqueIdentifier>{aa27a347-5e1c-4207-91de-d339b20f3f01}</UniqueIdentifier>
    </Filter>
  </ItemGroup>
  <ItemGroup>
    <ClCompile Include="src\dllmain.cpp">
      <Filter>src</Filter>
    </ClCompile>
    <ClCompile Include="Dumper\dumper.cpp">
      <Filter>Dumper</Filter>
    </ClCompile>
    <ClCompile Include="RustClasses\game_assembly.cpp">
      <Filter>RustClasses</Filter>
    </ClCompile>
    <ClCompile Include="RustClasses\rust_classes.cpp">
      <Filter>RustClasses</Filter>
    </ClCompile>
    <ClCompile Include="Unity\unity_classes.cpp">
      <Filter>Unity</Filter>
    </ClCompile>
    <ClCompile Include="Libs\hook_lib.cpp">
      <Filter>Libs</Filter>
    </ClCompile>
    <ClCompile Include="Utils\util.cpp">
      <Filter>Utils</Filter>
    </ClCompile>
    <ClCompile Include="hde\hde64.cpp">
      <Filter>hde</Filter>
    </ClCompile>
    <ClCompile Include="minhook\buffer.c">
      <Filter>minhook</Filter>
    </ClCompile>
    <ClCompile Include="minhook\hde\hde32.c">
      <Filter>minhook\hde</Filter>
    </ClCompile>
    <ClCompile Include="minhook\hde\hde64.c">
      <Filter>minhook\hde</Filter>
    </ClCompile>
    <ClCompile Include="minhook\hook.c">
      <Filter>minhook</Filter>
    </ClCompile>
    <ClCompile Include="minhook\trampoline.c">
      <Filter>minhook</Filter>
    </ClCompile>
  </ItemGroup>
  <ItemGroup>
    <ClInclude Include="Dumper\dumper.hpp">
      <Filter>Dumper</Filter>
    </ClInclude>
    <ClInclude Include="Dumper\dumper_macros.hpp">
      <Filter>Dumper</Filter>
    </ClInclude>
    <ClInclude Include="Utils\pe_utils.hpp">
      <Filter>Utils</Filter>
    </ClInclude>
    <ClInclude Include="Libs\il2cpp_lib.hpp">
      <Filter>Libs</Filter>
    </ClInclude>
    <ClInclude Include="Libs\hook_lib.hpp">
      <Filter>Libs</Filter>
    </ClInclude>
    <ClInclude Include="Libs\rust_lib.hpp">
      <Filter>Libs</Filter>
    </ClInclude>
    <ClInclude Include="Unity\unity_lib.hpp">
      <Filter>Unity</Filter>
    </ClInclude>
    <ClInclude Include="Utils\util.hpp">
      <Filter>Utils</Filter>
    </ClInclude>
    <ClInclude Include="hde\hde64.h">
      <Filter>hde</Filter>
    </ClInclude>
    <ClInclude Include="hde\table64.h">
      <Filter>hde</Filter>
    </ClInclude>
    <ClInclude Include="il2cpp\il2cpp-api.h">
      <Filter>il2cpp</Filter>
    </ClInclude>
    <ClInclude Include="il2cpp\il2cpp-api-functions.h">
      <Filter>il2cpp</Filter>
    </ClInclude>
    <ClInclude Include="il2cpp\il2cpp-api-types.h">
      <Filter>il2cpp</Filter>
    </ClInclude>
    <ClInclude Include="il2cpp\il2cpp-blob.h">
      <Filter>il2cpp</Filter>
    </ClInclude>
    <ClInclude Include="il2cpp\il2cpp-class-internals.h">
      <Filter>il2cpp</Filter>
    </ClInclude>
    <ClInclude Include="il2cpp\il2cpp-config.h">
      <Filter>il2cpp</Filter>
    </ClInclude>
    <ClInclude Include="il2cpp\il2cpp-config-api.h">
      <Filter>il2cpp</Filter>
    </ClInclude>
    <ClInclude Include="il2cpp\il2cpp-metadata.h">
      <Filter>il2cpp</Filter>
    </ClInclude>
    <ClInclude Include="il2cpp\il2cpp-normalization-tables.h">
      <Filter>il2cpp</Filter>
    </ClInclude>
    <ClInclude Include="il2cpp\il2cpp-number-formatter.h">
      <Filter>il2cpp</Filter>
    </ClInclude>
    <ClInclude Include="il2cpp\il2cpp-object-internals.h">
      <Filter>il2cpp</Filter>
    </ClInclude>
    <ClInclude Include="il2cpp\il2cpp-runtime-metadata.h">
      <Filter>il2cpp</Filter>
    </ClInclude>
    <ClInclude Include="il2cpp\il2cpp-string-types.h">
      <Filter>il2cpp</Filter>
    </ClInclude>
    <ClInclude Include="il2cpp\il2cpp-tabledefs.h">
      <Filter>il2cpp</Filter>
    </ClInclude>
    <ClInclude Include="il2cpp\il2cpp-vm-support.h">
      <Filter>il2cpp</Filter>
    </ClInclude>
    <ClInclude Include="minhook\buffer.h">
      <Filter>minhook</Filter>
    </ClInclude>
    <ClInclude Include="minhook\hde\hde32.h">
      <Filter>minhook\hde</Filter>
    </ClInclude>
    <ClInclude Include="minhook\hde\hde64.h">
      <Filter>minhook\hde</Filter>
    </ClInclude>
    <ClInclude Include="minhook\hde\pstdint.h">
      <Filter>minhook\hde</Filter>
    </ClInclude>
    <ClInclude Include="minhook\hde\table32.h">
      <Filter>minhook\hde</Filter>
    </ClInclude>
    <ClInclude Include="minhook\hde\table64.h">
      <Filter>minhook\hde</Filter>
    </ClInclude>
    <ClInclude Include="minhook\minhook.h">
      <Filter>minhook</Filter>
    </ClInclude>
    <ClInclude Include="minhook\trampoline.h">
      <Filter>minhook</Filter>
    </ClInclude>
  </ItemGroup>
</Project>
